// !$*UTF8*$!
{
	archiveVersion = 1;
	classes = {
	};
	objectVersion = 56;
	objects = {

/* Begin PBXBuildFile section */
		26AC588D2B96597600FE8DC7 /* HistoryModel.swift in Sources */ = {isa = PBXBuildFile; fileRef = 26AC588C2B96597600FE8DC7 /* HistoryModel.swift */; };
		26AC588F2B9659AB00FE8DC7 /* HistoryView.swift in Sources */ = {isa = PBXBuildFile; fileRef = 26AC588E2B9659AB00FE8DC7 /* HistoryView.swift */; };
		26ADD5672B7BEA46009E069E /* FoodModel.swift in Sources */ = {isa = PBXBuildFile; fileRef = 26ADD5662B7BEA46009E069E /* FoodModel.swift */; };
		26ADD5692B7BF7FF009E069E /* ProductView.swift in Sources */ = {isa = PBXBuildFile; fileRef = 26ADD5682B7BF7FF009E069E /* ProductView.swift */; };
		26ADD56B2B7BFCC5009E069E /* HomeView.swift in Sources */ = {isa = PBXBuildFile; fileRef = 26ADD56A2B7BFCC5009E069E /* HomeView.swift */; };
		26ADD56D2B7C1EDC009E069E /* PreferencesModel.swift in Sources */ = {isa = PBXBuildFile; fileRef = 26ADD56C2B7C1EDC009E069E /* PreferencesModel.swift */; };
		26ADD56F2B7C2011009E069E /* PreferencesView.swift in Sources */ = {isa = PBXBuildFile; fileRef = 26ADD56E2B7C2011009E069E /* PreferencesView.swift */; };
		B9DFAA912B7BE7A100052E2D /* FoodData.swift in Sources */ = {isa = PBXBuildFile; fileRef = B9DFAA902B7BE7A100052E2D /* FoodData.swift */; };
		B9DFAA932B7BEC2800052E2D /* APIManager.swift in Sources */ = {isa = PBXBuildFile; fileRef = B9DFAA922B7BEC2800052E2D /* APIManager.swift */; };
		E40958302B8F84D800918484 /* EadditivesView.swift in Sources */ = {isa = PBXBuildFile; fileRef = E409582F2B8F84D800918484 /* EadditivesView.swift */; };
		E43292682B778B470046D8E4 /* FoodGuardApp.swift in Sources */ = {isa = PBXBuildFile; fileRef = E43292672B778B470046D8E4 /* FoodGuardApp.swift */; };
		E432926A2B778B470046D8E4 /* ContentView.swift in Sources */ = {isa = PBXBuildFile; fileRef = E43292692B778B470046D8E4 /* ContentView.swift */; };
		E432926C2B778B470046D8E4 /* Item.swift in Sources */ = {isa = PBXBuildFile; fileRef = E432926B2B778B470046D8E4 /* Item.swift */; };
		E432926E2B778B480046D8E4 /* Assets.xcassets in Resources */ = {isa = PBXBuildFile; fileRef = E432926D2B778B480046D8E4 /* Assets.xcassets */; };
		E43292722B778B480046D8E4 /* Preview Assets.xcassets in Resources */ = {isa = PBXBuildFile; fileRef = E43292712B778B480046D8E4 /* Preview Assets.xcassets */; };
		E432927C2B778B480046D8E4 /* FoodGuardTests.swift in Sources */ = {isa = PBXBuildFile; fileRef = E432927B2B778B480046D8E4 /* FoodGuardTests.swift */; };
		E43292862B778B480046D8E4 /* FoodGuardUITests.swift in Sources */ = {isa = PBXBuildFile; fileRef = E43292852B778B480046D8E4 /* FoodGuardUITests.swift */; };
		E43292882B778B480046D8E4 /* FoodGuardUITestsLaunchTests.swift in Sources */ = {isa = PBXBuildFile; fileRef = E43292872B778B480046D8E4 /* FoodGuardUITestsLaunchTests.swift */; };
		E43292992B7791230046D8E4 /* Alert.swift in Sources */ = {isa = PBXBuildFile; fileRef = E43292982B7791230046D8E4 /* Alert.swift */; };
		E432929B2B77917D0046D8E4 /* ScannerView.swift in Sources */ = {isa = PBXBuildFile; fileRef = E432929A2B77917D0046D8E4 /* ScannerView.swift */; };
		E432929D2B7792220046D8E4 /* ScannerVC.swift in Sources */ = {isa = PBXBuildFile; fileRef = E432929C2B7792220046D8E4 /* ScannerVC.swift */; };
		E432929F2B77927D0046D8E4 /* BarcodeScannerView.swift in Sources */ = {isa = PBXBuildFile; fileRef = E432929E2B77927D0046D8E4 /* BarcodeScannerView.swift */; };
		E43292A22B7793140046D8E4 /* BarcodeScannerViewModel.swift in Sources */ = {isa = PBXBuildFile; fileRef = E43292A12B7793140046D8E4 /* BarcodeScannerViewModel.swift */; };
		E4CDA92E2B83A9DB00BDA4DC /* ProductModel.swift in Sources */ = {isa = PBXBuildFile; fileRef = E4CDA92D2B83A9DB00BDA4DC /* ProductModel.swift */; };
		E4CDA9302B83AA4100BDA4DC /* SettingsView.swift in Sources */ = {isa = PBXBuildFile; fileRef = E4CDA92F2B83AA4100BDA4DC /* SettingsView.swift */; };
/* End PBXBuildFile section */

/* Begin PBXContainerItemProxy section */
		E43292782B778B480046D8E4 /* PBXContainerItemProxy */ = {
			isa = PBXContainerItemProxy;
			containerPortal = E432925C2B778B470046D8E4 /* Project object */;
			proxyType = 1;
			remoteGlobalIDString = E43292632B778B470046D8E4;
			remoteInfo = FoodGuard;
		};
		E43292822B778B480046D8E4 /* PBXContainerItemProxy */ = {
			isa = PBXContainerItemProxy;
			containerPortal = E432925C2B778B470046D8E4 /* Project object */;
			proxyType = 1;
			remoteGlobalIDString = E43292632B778B470046D8E4;
			remoteInfo = FoodGuard;
		};
/* End PBXContainerItemProxy section */

/* Begin PBXFileReference section */
		26AC588C2B96597600FE8DC7 /* HistoryModel.swift */ = {isa = PBXFileReference; lastKnownFileType = sourcecode.swift; name = HistoryModel.swift; path = ../../HistoryModel.swift; sourceTree = "<group>"; };
		26AC588E2B9659AB00FE8DC7 /* HistoryView.swift */ = {isa = PBXFileReference; lastKnownFileType = sourcecode.swift; name = HistoryView.swift; path = ../../HistoryView.swift; sourceTree = "<group>"; };
		26ADD5662B7BEA46009E069E /* FoodModel.swift */ = {isa = PBXFileReference; lastKnownFileType = sourcecode.swift; path = FoodModel.swift; sourceTree = "<group>"; };
		26ADD5682B7BF7FF009E069E /* ProductView.swift */ = {isa = PBXFileReference; lastKnownFileType = sourcecode.swift; path = ProductView.swift; sourceTree = "<group>"; };
		26ADD56A2B7BFCC5009E069E /* HomeView.swift */ = {isa = PBXFileReference; lastKnownFileType = sourcecode.swift; path = HomeView.swift; sourceTree = "<group>"; };
		26ADD56C2B7C1EDC009E069E /* PreferencesModel.swift */ = {isa = PBXFileReference; lastKnownFileType = sourcecode.swift; path = PreferencesModel.swift; sourceTree = "<group>"; };
		26ADD56E2B7C2011009E069E /* PreferencesView.swift */ = {isa = PBXFileReference; lastKnownFileType = sourcecode.swift; path = PreferencesView.swift; sourceTree = "<group>"; };
		B9DFAA902B7BE7A100052E2D /* FoodData.swift */ = {isa = PBXFileReference; lastKnownFileType = sourcecode.swift; path = FoodData.swift; sourceTree = "<group>"; };
		B9DFAA922B7BEC2800052E2D /* APIManager.swift */ = {isa = PBXFileReference; lastKnownFileType = sourcecode.swift; path = APIManager.swift; sourceTree = "<group>"; };
		B9DFAA942B7C312D00052E2D /* ProductModel.swift */ = {isa = PBXFileReference; lastKnownFileType = sourcecode.swift; path = ProductModel.swift; sourceTree = "<group>"; };
		E409582F2B8F84D800918484 /* EadditivesView.swift */ = {isa = PBXFileReference; lastKnownFileType = sourcecode.swift; path = EadditivesView.swift; sourceTree = "<group>"; };
		E43292642B778B470046D8E4 /* FoodGuard.app */ = {isa = PBXFileReference; explicitFileType = wrapper.application; includeInIndex = 0; path = FoodGuard.app; sourceTree = BUILT_PRODUCTS_DIR; };
		E43292672B778B470046D8E4 /* FoodGuardApp.swift */ = {isa = PBXFileReference; lastKnownFileType = sourcecode.swift; path = FoodGuardApp.swift; sourceTree = "<group>"; };
		E43292692B778B470046D8E4 /* ContentView.swift */ = {isa = PBXFileReference; lastKnownFileType = sourcecode.swift; name = ContentView.swift; path = ../ContentView.swift; sourceTree = "<group>"; };
		E432926B2B778B470046D8E4 /* Item.swift */ = {isa = PBXFileReference; lastKnownFileType = sourcecode.swift; path = Item.swift; sourceTree = "<group>"; };
		E432926D2B778B480046D8E4 /* Assets.xcassets */ = {isa = PBXFileReference; lastKnownFileType = folder.assetcatalog; path = Assets.xcassets; sourceTree = "<group>"; };
		E432926F2B778B480046D8E4 /* FoodGuard.entitlements */ = {isa = PBXFileReference; lastKnownFileType = text.plist.entitlements; path = FoodGuard.entitlements; sourceTree = "<group>"; };
		E43292712B778B480046D8E4 /* Preview Assets.xcassets */ = {isa = PBXFileReference; lastKnownFileType = folder.assetcatalog; path = "Preview Assets.xcassets"; sourceTree = "<group>"; };
		E43292772B778B480046D8E4 /* FoodGuardTests.xctest */ = {isa = PBXFileReference; explicitFileType = wrapper.cfbundle; includeInIndex = 0; path = FoodGuardTests.xctest; sourceTree = BUILT_PRODUCTS_DIR; };
		E432927B2B778B480046D8E4 /* FoodGuardTests.swift */ = {isa = PBXFileReference; lastKnownFileType = sourcecode.swift; path = FoodGuardTests.swift; sourceTree = "<group>"; };
		E43292812B778B480046D8E4 /* FoodGuardUITests.xctest */ = {isa = PBXFileReference; explicitFileType = wrapper.cfbundle; includeInIndex = 0; path = FoodGuardUITests.xctest; sourceTree = BUILT_PRODUCTS_DIR; };
		E43292852B778B480046D8E4 /* FoodGuardUITests.swift */ = {isa = PBXFileReference; lastKnownFileType = sourcecode.swift; path = FoodGuardUITests.swift; sourceTree = "<group>"; };
		E43292872B778B480046D8E4 /* FoodGuardUITestsLaunchTests.swift */ = {isa = PBXFileReference; lastKnownFileType = sourcecode.swift; path = FoodGuardUITestsLaunchTests.swift; sourceTree = "<group>"; };
		E43292982B7791230046D8E4 /* Alert.swift */ = {isa = PBXFileReference; lastKnownFileType = sourcecode.swift; path = Alert.swift; sourceTree = "<group>"; };
		E432929A2B77917D0046D8E4 /* ScannerView.swift */ = {isa = PBXFileReference; lastKnownFileType = sourcecode.swift; path = ScannerView.swift; sourceTree = "<group>"; };
		E432929C2B7792220046D8E4 /* ScannerVC.swift */ = {isa = PBXFileReference; lastKnownFileType = sourcecode.swift; path = ScannerVC.swift; sourceTree = "<group>"; };
		E432929E2B77927D0046D8E4 /* BarcodeScannerView.swift */ = {isa = PBXFileReference; lastKnownFileType = sourcecode.swift; path = BarcodeScannerView.swift; sourceTree = "<group>"; };
		E43292A12B7793140046D8E4 /* BarcodeScannerViewModel.swift */ = {isa = PBXFileReference; lastKnownFileType = sourcecode.swift; path = BarcodeScannerViewModel.swift; sourceTree = "<group>"; };
		E4CDA92D2B83A9DB00BDA4DC /* ProductModel.swift */ = {isa = PBXFileReference; fileEncoding = 4; lastKnownFileType = sourcecode.swift; path = ProductModel.swift; sourceTree = "<group>"; };
		E4CDA92F2B83AA4100BDA4DC /* SettingsView.swift */ = {isa = PBXFileReference; lastKnownFileType = sourcecode.swift; path = SettingsView.swift; sourceTree = "<group>"; };
/* End PBXFileReference section */

/* Begin PBXFrameworksBuildPhase section */
		E43292612B778B470046D8E4 /* Frameworks */ = {
			isa = PBXFrameworksBuildPhase;
			buildActionMask = 2147483647;
			files = (
			);
			runOnlyForDeploymentPostprocessing = 0;
		};
		E43292742B778B480046D8E4 /* Frameworks */ = {
			isa = PBXFrameworksBuildPhase;
			buildActionMask = 2147483647;
			files = (
			);
			runOnlyForDeploymentPostprocessing = 0;
		};
		E432927E2B778B480046D8E4 /* Frameworks */ = {
			isa = PBXFrameworksBuildPhase;
			buildActionMask = 2147483647;
			files = (
			);
			runOnlyForDeploymentPostprocessing = 0;
		};
/* End PBXFrameworksBuildPhase section */

/* Begin PBXGroup section */
		26ADD5652B7BEA2E009E069E /* Model */ = {
			isa = PBXGroup;
			children = (
				26AC588C2B96597600FE8DC7 /* HistoryModel.swift */,
				E4CDA92D2B83A9DB00BDA4DC /* ProductModel.swift */,
				26ADD5662B7BEA46009E069E /* FoodModel.swift */,
				26ADD56C2B7C1EDC009E069E /* PreferencesModel.swift */,
				B9DFAA942B7C312D00052E2D /* ProductModel.swift */,
			);
			path = Model;
			sourceTree = "<group>";
		};
		B9DFAA8F2B7BE78900052E2D /* Data */ = {
			isa = PBXGroup;
			children = (
				B9DFAA902B7BE7A100052E2D /* FoodData.swift */,
			);
			path = Data;
			sourceTree = "<group>";
		};
		E432925B2B778B470046D8E4 = {
			isa = PBXGroup;
			children = (
				B9DFAA922B7BEC2800052E2D /* APIManager.swift */,
				E43292662B778B470046D8E4 /* FoodGuard */,
				E432927A2B778B480046D8E4 /* FoodGuardTests */,
				E43292842B778B480046D8E4 /* FoodGuardUITests */,
				E43292652B778B470046D8E4 /* Products */,
			);
			sourceTree = "<group>";
		};
		E43292652B778B470046D8E4 /* Products */ = {
			isa = PBXGroup;
			children = (
				E43292642B778B470046D8E4 /* FoodGuard.app */,
				E43292772B778B480046D8E4 /* FoodGuardTests.xctest */,
				E43292812B778B480046D8E4 /* FoodGuardUITests.xctest */,
			);
			name = Products;
			sourceTree = "<group>";
		};
		E43292662B778B470046D8E4 /* FoodGuard */ = {
			isa = PBXGroup;
			children = (
				26ADD5652B7BEA2E009E069E /* Model */,
				B9DFAA8F2B7BE78900052E2D /* Data */,
				E43292A32B77AA7F0046D8E4 /* Views */,
				E43292942B7790CB0046D8E4 /* BarcodeScanner */,
				E43292672B778B470046D8E4 /* FoodGuardApp.swift */,
				E432926B2B778B470046D8E4 /* Item.swift */,
				E432926D2B778B480046D8E4 /* Assets.xcassets */,
				E432926F2B778B480046D8E4 /* FoodGuard.entitlements */,
				E43292702B778B480046D8E4 /* Preview Content */,
			);
			path = FoodGuard;
			sourceTree = "<group>";
		};
		E43292702B778B480046D8E4 /* Preview Content */ = {
			isa = PBXGroup;
			children = (
				E43292712B778B480046D8E4 /* Preview Assets.xcassets */,
			);
			path = "Preview Content";
			sourceTree = "<group>";
		};
		E432927A2B778B480046D8E4 /* FoodGuardTests */ = {
			isa = PBXGroup;
			children = (
				E432927B2B778B480046D8E4 /* FoodGuardTests.swift */,
			);
			path = FoodGuardTests;
			sourceTree = "<group>";
		};
		E43292842B778B480046D8E4 /* FoodGuardUITests */ = {
			isa = PBXGroup;
			children = (
				E43292852B778B480046D8E4 /* FoodGuardUITests.swift */,
				E43292872B778B480046D8E4 /* FoodGuardUITestsLaunchTests.swift */,
			);
			path = FoodGuardUITests;
			sourceTree = "<group>";
		};
		E43292942B7790CB0046D8E4 /* BarcodeScanner */ = {
			isa = PBXGroup;
			children = (
				E43292972B7791070046D8E4 /* Screens */,
				E43292962B7790F70046D8E4 /* Views */,
				E43292952B7790E10046D8E4 /* Utilities */,
			);
			path = BarcodeScanner;
			sourceTree = "<group>";
		};
		E43292952B7790E10046D8E4 /* Utilities */ = {
			isa = PBXGroup;
			children = (
				E43292982B7791230046D8E4 /* Alert.swift */,
			);
			path = Utilities;
			sourceTree = "<group>";
		};
		E43292962B7790F70046D8E4 /* Views */ = {
			isa = PBXGroup;
			children = (
				E432929A2B77917D0046D8E4 /* ScannerView.swift */,
				E432929C2B7792220046D8E4 /* ScannerVC.swift */,
				E432929E2B77927D0046D8E4 /* BarcodeScannerView.swift */,
			);
			path = Views;
			sourceTree = "<group>";
		};
		E43292972B7791070046D8E4 /* Screens */ = {
			isa = PBXGroup;
			children = (
				E43292A12B7793140046D8E4 /* BarcodeScannerViewModel.swift */,
			);
			path = Screens;
			sourceTree = "<group>";
		};
		E43292A32B77AA7F0046D8E4 /* Views */ = {
			isa = PBXGroup;
			children = (
				26AC588E2B9659AB00FE8DC7 /* HistoryView.swift */,
				26ADD56E2B7C2011009E069E /* PreferencesView.swift */,
				E43292692B778B470046D8E4 /* ContentView.swift */,
				26ADD5682B7BF7FF009E069E /* ProductView.swift */,
				E409582F2B8F84D800918484 /* EadditivesView.swift */,
				26ADD56A2B7BFCC5009E069E /* HomeView.swift */,
				E4CDA92F2B83AA4100BDA4DC /* SettingsView.swift */,
			);
			path = Views;
			sourceTree = "<group>";
		};
/* End PBXGroup section */

/* Begin PBXNativeTarget section */
		E43292632B778B470046D8E4 /* FoodGuard */ = {
			isa = PBXNativeTarget;
			buildConfigurationList = E432928B2B778B480046D8E4 /* Build configuration list for PBXNativeTarget "FoodGuard" */;
			buildPhases = (
				E43292602B778B470046D8E4 /* Sources */,
				E43292612B778B470046D8E4 /* Frameworks */,
				E43292622B778B470046D8E4 /* Resources */,
			);
			buildRules = (
			);
			dependencies = (
			);
			name = FoodGuard;
			productName = FoodGuard;
			productReference = E43292642B778B470046D8E4 /* FoodGuard.app */;
			productType = "com.apple.product-type.application";
		};
		E43292762B778B480046D8E4 /* FoodGuardTests */ = {
			isa = PBXNativeTarget;
			buildConfigurationList = E432928E2B778B480046D8E4 /* Build configuration list for PBXNativeTarget "FoodGuardTests" */;
			buildPhases = (
				E43292732B778B480046D8E4 /* Sources */,
				E43292742B778B480046D8E4 /* Frameworks */,
				E43292752B778B480046D8E4 /* Resources */,
			);
			buildRules = (
			);
			dependencies = (
				E43292792B778B480046D8E4 /* PBXTargetDependency */,
			);
			name = FoodGuardTests;
			productName = FoodGuardTests;
			productReference = E43292772B778B480046D8E4 /* FoodGuardTests.xctest */;
			productType = "com.apple.product-type.bundle.unit-test";
		};
		E43292802B778B480046D8E4 /* FoodGuardUITests */ = {
			isa = PBXNativeTarget;
			buildConfigurationList = E43292912B778B480046D8E4 /* Build configuration list for PBXNativeTarget "FoodGuardUITests" */;
			buildPhases = (
				E432927D2B778B480046D8E4 /* Sources */,
				E432927E2B778B480046D8E4 /* Frameworks */,
				E432927F2B778B480046D8E4 /* Resources */,
			);
			buildRules = (
			);
			dependencies = (
				E43292832B778B480046D8E4 /* PBXTargetDependency */,
			);
			name = FoodGuardUITests;
			productName = FoodGuardUITests;
			productReference = E43292812B778B480046D8E4 /* FoodGuardUITests.xctest */;
			productType = "com.apple.product-type.bundle.ui-testing";
		};
/* End PBXNativeTarget section */

/* Begin PBXProject section */
		E432925C2B778B470046D8E4 /* Project object */ = {
			isa = PBXProject;
			attributes = {
				BuildIndependentTargetsInParallel = 1;
				LastSwiftUpdateCheck = 1520;
				LastUpgradeCheck = 1520;
				TargetAttributes = {
					E43292632B778B470046D8E4 = {
						CreatedOnToolsVersion = 15.2;
					};
					E43292762B778B480046D8E4 = {
						CreatedOnToolsVersion = 15.2;
						TestTargetID = E43292632B778B470046D8E4;
					};
					E43292802B778B480046D8E4 = {
						CreatedOnToolsVersion = 15.2;
						TestTargetID = E43292632B778B470046D8E4;
					};
				};
			};
			buildConfigurationList = E432925F2B778B470046D8E4 /* Build configuration list for PBXProject "FoodGuard" */;
			compatibilityVersion = "Xcode 14.0";
			developmentRegion = en;
			hasScannedForEncodings = 0;
			knownRegions = (
				en,
				Base,
			);
			mainGroup = E432925B2B778B470046D8E4;
			productRefGroup = E43292652B778B470046D8E4 /* Products */;
			projectDirPath = "";
			projectRoot = "";
			targets = (
				E43292632B778B470046D8E4 /* FoodGuard */,
				E43292762B778B480046D8E4 /* FoodGuardTests */,
				E43292802B778B480046D8E4 /* FoodGuardUITests */,
			);
		};
/* End PBXProject section */

/* Begin PBXResourcesBuildPhase section */
		E43292622B778B470046D8E4 /* Resources */ = {
			isa = PBXResourcesBuildPhase;
			buildActionMask = 2147483647;
			files = (
				E43292722B778B480046D8E4 /* Preview Assets.xcassets in Resources */,
				E432926E2B778B480046D8E4 /* Assets.xcassets in Resources */,
			);
			runOnlyForDeploymentPostprocessing = 0;
		};
		E43292752B778B480046D8E4 /* Resources */ = {
			isa = PBXResourcesBuildPhase;
			buildActionMask = 2147483647;
			files = (
			);
			runOnlyForDeploymentPostprocessing = 0;
		};
		E432927F2B778B480046D8E4 /* Resources */ = {
			isa = PBXResourcesBuildPhase;
			buildActionMask = 2147483647;
			files = (
			);
			runOnlyForDeploymentPostprocessing = 0;
		};
/* End PBXResourcesBuildPhase section */

/* Begin PBXSourcesBuildPhase section */
		E43292602B778B470046D8E4 /* Sources */ = {
			isa = PBXSourcesBuildPhase;
			buildActionMask = 2147483647;
			files = (
				E40958302B8F84D800918484 /* EadditivesView.swift in Sources */,
				B9DFAA932B7BEC2800052E2D /* APIManager.swift in Sources */,
				26ADD56B2B7BFCC5009E069E /* HomeView.swift in Sources */,
				26AC588D2B96597600FE8DC7 /* HistoryModel.swift in Sources */,
				E432926A2B778B470046D8E4 /* ContentView.swift in Sources */,
				E4CDA9302B83AA4100BDA4DC /* SettingsView.swift in Sources */,
				E4CDA92E2B83A9DB00BDA4DC /* ProductModel.swift in Sources */,
				E432926C2B778B470046D8E4 /* Item.swift in Sources */,
				26ADD5672B7BEA46009E069E /* FoodModel.swift in Sources */,
				E43292992B7791230046D8E4 /* Alert.swift in Sources */,
				26ADD5692B7BF7FF009E069E /* ProductView.swift in Sources */,
				B9DFAA912B7BE7A100052E2D /* FoodData.swift in Sources */,
				E432929F2B77927D0046D8E4 /* BarcodeScannerView.swift in Sources */,
				26AC588F2B9659AB00FE8DC7 /* HistoryView.swift in Sources */,
				E432929D2B7792220046D8E4 /* ScannerVC.swift in Sources */,
				E43292682B778B470046D8E4 /* FoodGuardApp.swift in Sources */,
				E43292A22B7793140046D8E4 /* BarcodeScannerViewModel.swift in Sources */,
				26ADD56F2B7C2011009E069E /* PreferencesView.swift in Sources */,
				26ADD56D2B7C1EDC009E069E /* PreferencesModel.swift in Sources */,
				E432929B2B77917D0046D8E4 /* ScannerView.swift in Sources */,
			);
			runOnlyForDeploymentPostprocessing = 0;
		};
		E43292732B778B480046D8E4 /* Sources */ = {
			isa = PBXSourcesBuildPhase;
			buildActionMask = 2147483647;
			files = (
				E432927C2B778B480046D8E4 /* FoodGuardTests.swift in Sources */,
			);
			runOnlyForDeploymentPostprocessing = 0;
		};
		E432927D2B778B480046D8E4 /* Sources */ = {
			isa = PBXSourcesBuildPhase;
			buildActionMask = 2147483647;
			files = (
				E43292882B778B480046D8E4 /* FoodGuardUITestsLaunchTests.swift in Sources */,
				E43292862B778B480046D8E4 /* FoodGuardUITests.swift in Sources */,
			);
			runOnlyForDeploymentPostprocessing = 0;
		};
/* End PBXSourcesBuildPhase section */

/* Begin PBXTargetDependency section */
		E43292792B778B480046D8E4 /* PBXTargetDependency */ = {
			isa = PBXTargetDependency;
			target = E43292632B778B470046D8E4 /* FoodGuard */;
			targetProxy = E43292782B778B480046D8E4 /* PBXContainerItemProxy */;
		};
		E43292832B778B480046D8E4 /* PBXTargetDependency */ = {
			isa = PBXTargetDependency;
			target = E43292632B778B470046D8E4 /* FoodGuard */;
			targetProxy = E43292822B778B480046D8E4 /* PBXContainerItemProxy */;
		};
/* End PBXTargetDependency section */

/* Begin XCBuildConfiguration section */
		E43292892B778B480046D8E4 /* Debug */ = {
			isa = XCBuildConfiguration;
			buildSettings = {
				ALWAYS_SEARCH_USER_PATHS = NO;
				ASSETCATALOG_COMPILER_GENERATE_SWIFT_ASSET_SYMBOL_EXTENSIONS = YES;
				CLANG_ANALYZER_NONNULL = YES;
				CLANG_ANALYZER_NUMBER_OBJECT_CONVERSION = YES_AGGRESSIVE;
				CLANG_CXX_LANGUAGE_STANDARD = "gnu++20";
				CLANG_ENABLE_MODULES = YES;
				CLANG_ENABLE_OBJC_ARC = YES;
				CLANG_ENABLE_OBJC_WEAK = YES;
				CLANG_WARN_BLOCK_CAPTURE_AUTORELEASING = YES;
				CLANG_WARN_BOOL_CONVERSION = YES;
				CLANG_WARN_COMMA = YES;
				CLANG_WARN_CONSTANT_CONVERSION = YES;
				CLANG_WARN_DEPRECATED_OBJC_IMPLEMENTATIONS = YES;
				CLANG_WARN_DIRECT_OBJC_ISA_USAGE = YES_ERROR;
				CLANG_WARN_DOCUMENTATION_COMMENTS = YES;
				CLANG_WARN_EMPTY_BODY = YES;
				CLANG_WARN_ENUM_CONVERSION = YES;
				CLANG_WARN_INFINITE_RECURSION = YES;
				CLANG_WARN_INT_CONVERSION = YES;
				CLANG_WARN_NON_LITERAL_NULL_CONVERSION = YES;
				CLANG_WARN_OBJC_IMPLICIT_RETAIN_SELF = YES;
				CLANG_WARN_OBJC_LITERAL_CONVERSION = YES;
				CLANG_WARN_OBJC_ROOT_CLASS = YES_ERROR;
				CLANG_WARN_QUOTED_INCLUDE_IN_FRAMEWORK_HEADER = YES;
				CLANG_WARN_RANGE_LOOP_ANALYSIS = YES;
				CLANG_WARN_STRICT_PROTOTYPES = YES;
				CLANG_WARN_SUSPICIOUS_MOVE = YES;
				CLANG_WARN_UNGUARDED_AVAILABILITY = YES_AGGRESSIVE;
				CLANG_WARN_UNREACHABLE_CODE = YES;
				CLANG_WARN__DUPLICATE_METHOD_MATCH = YES;
				COPY_PHASE_STRIP = NO;
				DEBUG_INFORMATION_FORMAT = dwarf;
				ENABLE_STRICT_OBJC_MSGSEND = YES;
				ENABLE_TESTABILITY = YES;
				ENABLE_USER_SCRIPT_SANDBOXING = YES;
				GCC_C_LANGUAGE_STANDARD = gnu17;
				GCC_DYNAMIC_NO_PIC = NO;
				GCC_NO_COMMON_BLOCKS = YES;
				GCC_OPTIMIZATION_LEVEL = 0;
				GCC_PREPROCESSOR_DEFINITIONS = (
					"DEBUG=1",
					"$(inherited)",
				);
				GCC_WARN_64_TO_32_BIT_CONVERSION = YES;
				GCC_WARN_ABOUT_RETURN_TYPE = YES_ERROR;
				GCC_WARN_UNDECLARED_SELECTOR = YES;
				GCC_WARN_UNINITIALIZED_AUTOS = YES_AGGRESSIVE;
				GCC_WARN_UNUSED_FUNCTION = YES;
				GCC_WARN_UNUSED_VARIABLE = YES;
				LOCALIZATION_PREFERS_STRING_CATALOGS = YES;
				MTL_ENABLE_DEBUG_INFO = INCLUDE_SOURCE;
				MTL_FAST_MATH = YES;
				ONLY_ACTIVE_ARCH = YES;
				SWIFT_ACTIVE_COMPILATION_CONDITIONS = "DEBUG $(inherited)";
				SWIFT_OPTIMIZATION_LEVEL = "-Onone";
			};
			name = Debug;
		};
		E432928A2B778B480046D8E4 /* Release */ = {
			isa = XCBuildConfiguration;
			buildSettings = {
				ALWAYS_SEARCH_USER_PATHS = NO;
				ASSETCATALOG_COMPILER_GENERATE_SWIFT_ASSET_SYMBOL_EXTENSIONS = YES;
				CLANG_ANALYZER_NONNULL = YES;
				CLANG_ANALYZER_NUMBER_OBJECT_CONVERSION = YES_AGGRESSIVE;
				CLANG_CXX_LANGUAGE_STANDARD = "gnu++20";
				CLANG_ENABLE_MODULES = YES;
				CLANG_ENABLE_OBJC_ARC = YES;
				CLANG_ENABLE_OBJC_WEAK = YES;
				CLANG_WARN_BLOCK_CAPTURE_AUTORELEASING = YES;
				CLANG_WARN_BOOL_CONVERSION = YES;
				CLANG_WARN_COMMA = YES;
				CLANG_WARN_CONSTANT_CONVERSION = YES;
				CLANG_WARN_DEPRECATED_OBJC_IMPLEMENTATIONS = YES;
				CLANG_WARN_DIRECT_OBJC_ISA_USAGE = YES_ERROR;
				CLANG_WARN_DOCUMENTATION_COMMENTS = YES;
				CLANG_WARN_EMPTY_BODY = YES;
				CLANG_WARN_ENUM_CONVERSION = YES;
				CLANG_WARN_INFINITE_RECURSION = YES;
				CLANG_WARN_INT_CONVERSION = YES;
				CLANG_WARN_NON_LITERAL_NULL_CONVERSION = YES;
				CLANG_WARN_OBJC_IMPLICIT_RETAIN_SELF = YES;
				CLANG_WARN_OBJC_LITERAL_CONVERSION = YES;
				CLANG_WARN_OBJC_ROOT_CLASS = YES_ERROR;
				CLANG_WARN_QUOTED_INCLUDE_IN_FRAMEWORK_HEADER = YES;
				CLANG_WARN_RANGE_LOOP_ANALYSIS = YES;
				CLANG_WARN_STRICT_PROTOTYPES = YES;
				CLANG_WARN_SUSPICIOUS_MOVE = YES;
				CLANG_WARN_UNGUARDED_AVAILABILITY = YES_AGGRESSIVE;
				CLANG_WARN_UNREACHABLE_CODE = YES;
				CLANG_WARN__DUPLICATE_METHOD_MATCH = YES;
				COPY_PHASE_STRIP = NO;
				DEBUG_INFORMATION_FORMAT = "dwarf-with-dsym";
				ENABLE_NS_ASSERTIONS = NO;
				ENABLE_STRICT_OBJC_MSGSEND = YES;
				ENABLE_USER_SCRIPT_SANDBOXING = YES;
				GCC_C_LANGUAGE_STANDARD = gnu17;
				GCC_NO_COMMON_BLOCKS = YES;
				GCC_WARN_64_TO_32_BIT_CONVERSION = YES;
				GCC_WARN_ABOUT_RETURN_TYPE = YES_ERROR;
				GCC_WARN_UNDECLARED_SELECTOR = YES;
				GCC_WARN_UNINITIALIZED_AUTOS = YES_AGGRESSIVE;
				GCC_WARN_UNUSED_FUNCTION = YES;
				GCC_WARN_UNUSED_VARIABLE = YES;
				LOCALIZATION_PREFERS_STRING_CATALOGS = YES;
				MTL_ENABLE_DEBUG_INFO = NO;
				MTL_FAST_MATH = YES;
				SWIFT_COMPILATION_MODE = wholemodule;
			};
			name = Release;
		};
		E432928C2B778B480046D8E4 /* Debug */ = {
			isa = XCBuildConfiguration;
			buildSettings = {
				ASSETCATALOG_COMPILER_APPICON_NAME = AppIcon;
				ASSETCATALOG_COMPILER_GLOBAL_ACCENT_COLOR_NAME = AccentColor;
				CODE_SIGN_ENTITLEMENTS = FoodGuard/FoodGuard.entitlements;
				CODE_SIGN_STYLE = Automatic;
				CURRENT_PROJECT_VERSION = 1;
				DEVELOPMENT_ASSET_PATHS = "\"FoodGuard/Preview Content\"";
				DEVELOPMENT_TEAM = HDV244YX62;
				ENABLE_PREVIEWS = YES;
				GENERATE_INFOPLIST_FILE = YES;
				INFOPLIST_KEY_NSCameraUsageDescription = "We need you camera bro";
				"INFOPLIST_KEY_UIApplicationSceneManifest_Generation[sdk=iphoneos*]" = YES;
				"INFOPLIST_KEY_UIApplicationSceneManifest_Generation[sdk=iphonesimulator*]" = YES;
				"INFOPLIST_KEY_UIApplicationSupportsIndirectInputEvents[sdk=iphoneos*]" = YES;
				"INFOPLIST_KEY_UIApplicationSupportsIndirectInputEvents[sdk=iphonesimulator*]" = YES;
				"INFOPLIST_KEY_UILaunchScreen_Generation[sdk=iphoneos*]" = YES;
				"INFOPLIST_KEY_UILaunchScreen_Generation[sdk=iphonesimulator*]" = YES;
				"INFOPLIST_KEY_UIStatusBarStyle[sdk=iphoneos*]" = UIStatusBarStyleDefault;
				"INFOPLIST_KEY_UIStatusBarStyle[sdk=iphonesimulator*]" = UIStatusBarStyleDefault;
				INFOPLIST_KEY_UISupportedInterfaceOrientations_iPad = "UIInterfaceOrientationPortrait UIInterfaceOrientationPortraitUpsideDown UIInterfaceOrientationLandscapeLeft UIInterfaceOrientationLandscapeRight";
				INFOPLIST_KEY_UISupportedInterfaceOrientations_iPhone = "UIInterfaceOrientationPortrait UIInterfaceOrientationLandscapeLeft UIInterfaceOrientationLandscapeRight";
				IPHONEOS_DEPLOYMENT_TARGET = 17.2;
				LD_RUNPATH_SEARCH_PATHS = "@executable_path/Frameworks";
				"LD_RUNPATH_SEARCH_PATHS[sdk=macosx*]" = "@executable_path/../Frameworks";
				MACOSX_DEPLOYMENT_TARGET = 14.0;
				MARKETING_VERSION = 1.0;
				PRODUCT_BUNDLE_IDENTIFIER = JonathanKilit.FoodGuard1;
				PRODUCT_NAME = "$(TARGET_NAME)";
				SDKROOT = auto;
				SUPPORTED_PLATFORMS = "iphoneos iphonesimulator macosx";
				SWIFT_EMIT_LOC_STRINGS = YES;
				SWIFT_VERSION = 5.0;
				TARGETED_DEVICE_FAMILY = "1,2";
			};
			name = Debug;
		};
		E432928D2B778B480046D8E4 /* Release */ = {
			isa = XCBuildConfiguration;
			buildSettings = {
				ASSETCATALOG_COMPILER_APPICON_NAME = AppIcon;
				ASSETCATALOG_COMPILER_GLOBAL_ACCENT_COLOR_NAME = AccentColor;
				CODE_SIGN_ENTITLEMENTS = FoodGuard/FoodGuard.entitlements;
				CODE_SIGN_STYLE = Automatic;
				CURRENT_PROJECT_VERSION = 1;
				DEVELOPMENT_ASSET_PATHS = "\"FoodGuard/Preview Content\"";
				DEVELOPMENT_TEAM = HDV244YX62;
				ENABLE_PREVIEWS = YES;
				GENERATE_INFOPLIST_FILE = YES;
				INFOPLIST_KEY_NSCameraUsageDescription = "We need you camera bro";
				"INFOPLIST_KEY_UIApplicationSceneManifest_Generation[sdk=iphoneos*]" = YES;
				"INFOPLIST_KEY_UIApplicationSceneManifest_Generation[sdk=iphonesimulator*]" = YES;
				"INFOPLIST_KEY_UIApplicationSupportsIndirectInputEvents[sdk=iphoneos*]" = YES;
				"INFOPLIST_KEY_UIApplicationSupportsIndirectInputEvents[sdk=iphonesimulator*]" = YES;
				"INFOPLIST_KEY_UILaunchScreen_Generation[sdk=iphoneos*]" = YES;
				"INFOPLIST_KEY_UILaunchScreen_Generation[sdk=iphonesimulator*]" = YES;
				"INFOPLIST_KEY_UIStatusBarStyle[sdk=iphoneos*]" = UIStatusBarStyleDefault;
				"INFOPLIST_KEY_UIStatusBarStyle[sdk=iphonesimulator*]" = UIStatusBarStyleDefault;
				INFOPLIST_KEY_UISupportedInterfaceOrientations_iPad = "UIInterfaceOrientationPortrait UIInterfaceOrientationPortraitUpsideDown UIInterfaceOrientationLandscapeLeft UIInterfaceOrientationLandscapeRight";
				INFOPLIST_KEY_UISupportedInterfaceOrientations_iPhone = "UIInterfaceOrientationPortrait UIInterfaceOrientationLandscapeLeft UIInterfaceOrientationLandscapeRight";
				IPHONEOS_DEPLOYMENT_TARGET = 17.2;
				LD_RUNPATH_SEARCH_PATHS = "@executable_path/Frameworks";
				"LD_RUNPATH_SEARCH_PATHS[sdk=macosx*]" = "@executable_path/../Frameworks";
				MACOSX_DEPLOYMENT_TARGET = 14.0;
				MARKETING_VERSION = 1.0;
				PRODUCT_BUNDLE_IDENTIFIER = JonathanKilit.FoodGuard1;
				PRODUCT_NAME = "$(TARGET_NAME)";
				SDKROOT = auto;
				SUPPORTED_PLATFORMS = "iphoneos iphonesimulator macosx";
				SWIFT_EMIT_LOC_STRINGS = YES;
				SWIFT_VERSION = 5.0;
				TARGETED_DEVICE_FAMILY = "1,2";
			};
			name = Release;
		};
		E432928F2B778B480046D8E4 /* Debug */ = {
			isa = XCBuildConfiguration;
			buildSettings = {
				ALWAYS_EMBED_SWIFT_STANDARD_LIBRARIES = YES;
				BUNDLE_LOADER = "$(TEST_HOST)";
				CODE_SIGN_STYLE = Automatic;
				CURRENT_PROJECT_VERSION = 1;
				DEVELOPMENT_TEAM = HDV244YX62;
				GENERATE_INFOPLIST_FILE = YES;
				IPHONEOS_DEPLOYMENT_TARGET = 17.2;
				MACOSX_DEPLOYMENT_TARGET = 14.2;
				MARKETING_VERSION = 1.0;
				PRODUCT_BUNDLE_IDENTIFIER = JonathanKilit.FoodGuardTests;
				PRODUCT_NAME = "$(TARGET_NAME)";
				SDKROOT = auto;
				SUPPORTED_PLATFORMS = "iphoneos iphonesimulator macosx";
				SWIFT_EMIT_LOC_STRINGS = NO;
				SWIFT_VERSION = 5.0;
				TARGETED_DEVICE_FAMILY = "1,2";
				TEST_HOST = "$(BUILT_PRODUCTS_DIR)/FoodGuard.app/$(BUNDLE_EXECUTABLE_FOLDER_PATH)/FoodGuard";
			};
			name = Debug;
		};
		E43292902B778B480046D8E4 /* Release */ = {
			isa = XCBuildConfiguration;
			buildSettings = {
				ALWAYS_EMBED_SWIFT_STANDARD_LIBRARIES = YES;
				BUNDLE_LOADER = "$(TEST_HOST)";
				CODE_SIGN_STYLE = Automatic;
				CURRENT_PROJECT_VERSION = 1;
				DEVELOPMENT_TEAM = HDV244YX62;
				GENERATE_INFOPLIST_FILE = YES;
				IPHONEOS_DEPLOYMENT_TARGET = 17.2;
				MACOSX_DEPLOYMENT_TARGET = 14.2;
				MARKETING_VERSION = 1.0;
				PRODUCT_BUNDLE_IDENTIFIER = JonathanKilit.FoodGuardTests;
				PRODUCT_NAME = "$(TARGET_NAME)";
				SDKROOT = auto;
				SUPPORTED_PLATFORMS = "iphoneos iphonesimulator macosx";
				SWIFT_EMIT_LOC_STRINGS = NO;
				SWIFT_VERSION = 5.0;
				TARGETED_DEVICE_FAMILY = "1,2";
				TEST_HOST = "$(BUILT_PRODUCTS_DIR)/FoodGuard.app/$(BUNDLE_EXECUTABLE_FOLDER_PATH)/FoodGuard";
			};
			name = Release;
		};
		E43292922B778B480046D8E4 /* Debug */ = {
			isa = XCBuildConfiguration;
			buildSettings = {
				ALWAYS_EMBED_SWIFT_STANDARD_LIBRARIES = YES;
				CODE_SIGN_STYLE = Automatic;
				CURRENT_PROJECT_VERSION = 1;
				DEVELOPMENT_TEAM = HDV244YX62;
				GENERATE_INFOPLIST_FILE = YES;
				IPHONEOS_DEPLOYMENT_TARGET = 17.2;
				MACOSX_DEPLOYMENT_TARGET = 14.2;
				MARKETING_VERSION = 1.0;
				PRODUCT_BUNDLE_IDENTIFIER = JonathanKilit.FoodGuardUITests;
				PRODUCT_NAME = "$(TARGET_NAME)";
				SDKROOT = auto;
				SUPPORTED_PLATFORMS = "iphoneos iphonesimulator macosx";
				SWIFT_EMIT_LOC_STRINGS = NO;
				SWIFT_VERSION = 5.0;
				TARGETED_DEVICE_FAMILY = "1,2";
				TEST_TARGET_NAME = FoodGuard;
			};
			name = Debug;
		};
		E43292932B778B480046D8E4 /* Release */ = {
			isa = XCBuildConfiguration;
			buildSettings = {
				ALWAYS_EMBED_SWIFT_STANDARD_LIBRARIES = YES;
				CODE_SIGN_STYLE = Automatic;
				CURRENT_PROJECT_VERSION = 1;
				DEVELOPMENT_TEAM = HDV244YX62;
				GENERATE_INFOPLIST_FILE = YES;
				IPHONEOS_DEPLOYMENT_TARGET = 17.2;
				MACOSX_DEPLOYMENT_TARGET = 14.2;
				MARKETING_VERSION = 1.0;
				PRODUCT_BUNDLE_IDENTIFIER = JonathanKilit.FoodGuardUITests;
				PRODUCT_NAME = "$(TARGET_NAME)";
				SDKROOT = auto;
				SUPPORTED_PLATFORMS = "iphoneos iphonesimulator macosx";
				SWIFT_EMIT_LOC_STRINGS = NO;
				SWIFT_VERSION = 5.0;
				TARGETED_DEVICE_FAMILY = "1,2";
				TEST_TARGET_NAME = FoodGuard;
			};
			name = Release;
		};
/* End XCBuildConfiguration section */

/* Begin XCConfigurationList section */
		E432925F2B778B470046D8E4 /* Build configuration list for PBXProject "FoodGuard" */ = {
			isa = XCConfigurationList;
			buildConfigurations = (
				E43292892B778B480046D8E4 /* Debug */,
				E432928A2B778B480046D8E4 /* Release */,
			);
			defaultConfigurationIsVisible = 0;
			defaultConfigurationName = Release;
		};
		E432928B2B778B480046D8E4 /* Build configuration list for PBXNativeTarget "FoodGuard" */ = {
			isa = XCConfigurationList;
			buildConfigurations = (
				E432928C2B778B480046D8E4 /* Debug */,
				E432928D2B778B480046D8E4 /* Release */,
			);
			defaultConfigurationIsVisible = 0;
			defaultConfigurationName = Release;
		};
		E432928E2B778B480046D8E4 /* Build configuration list for PBXNativeTarget "FoodGuardTests" */ = {
			isa = XCConfigurationList;
			buildConfigurations = (
				E432928F2B778B480046D8E4 /* Debug */,
				E43292902B778B480046D8E4 /* Release */,
			);
			defaultConfigurationIsVisible = 0;
			defaultConfigurationName = Release;
		};
		E43292912B778B480046D8E4 /* Build configuration list for PBXNativeTarget "FoodGuardUITests" */ = {
			isa = XCConfigurationList;
			buildConfigurations = (
				E43292922B778B480046D8E4 /* Debug */,
				E43292932B778B480046D8E4 /* Release */,
			);
			defaultConfigurationIsVisible = 0;
			defaultConfigurationName = Release;
		};
/* End XCConfigurationList section */
	};
	rootObject = E432925C2B778B470046D8E4 /* Project object */;
}
